
Microsoft Visual Studio Solution File, Format Version 12.00
# Visual Studio Version 16
VisualStudioVersion = 16.0.36422.26
MinimumVisualStudioVersion = 10.0.40219.1
Project("{FAE04EC0-301F-11D3-BF4B-00C04F79EFBC}") = "SimCard", "SimCard\SimCard.csproj", "{3411E8FB-FFC8-4228-BC48-2BBF3906D294}"
EndProject
Global
	GlobalSection(SolutionConfigurationPlatforms) = preSolution
		Debug|Any CPU = Debug|Any CPU
		Release|Any CPU = Release|Any CPU
	EndGlobalSection
	GlobalSection(ProjectConfigurationPlatforms) = postSolution
		{3411E8FB-FFC8-4228-BC48-2BBF3906D294}.Debug|Any CPU.ActiveCfg = Debug|Any CPU
		{3411E8FB-FFC8-4228-BC48-2BBF3906D294}.Debug|Any CPU.Build.0 = Debug|Any CPU
		{3411E8FB-FFC8-4228-BC48-2BBF3906D294}.Release|Any CPU.ActiveCfg = Release|Any CPU
		{3411E8FB-FFC8-4228-BC48-2BBF3906D294}.Release|Any CPU.Build.0 = Release|Any CPU
	EndGlobalSection
	GlobalSection(SolutionProperties) = preSolution
		HideSolutionNode = FALSE
	EndGlobalSection
	GlobalSection(ExtensibilityGlobals) = postSolution
		SolutionGuid = {A22EDE36-C567-48B6-A508-D103D8C87BD6}
	EndGlobalSection
EndGlobal
